
Microsoft Visual Studio Solution File, Format Version 12.00
# Visual Studio Version 16
VisualStudioVersion = 16.0.31624.102
MinimumVisualStudioVersion = 10.0.40219.1
Project("{9A19103F-16F7-4668-BE54-9A1E7A4F7556}") = "BlazorDemoWithAuth.Server", "BlazorDemoWithAuth\Server\BlazorDemoWithAuth.Server.csproj", "{0AB5EF88-20E2-4993-B6C2-7298F7CFF028}"
EndProject
Project("{9A19103F-16F7-4668-BE54-9A1E7A4F7556}") = "BlazorDemoWithAuth.Client", "BlazorDemoWithAuth\Client\BlazorDemoWithAuth.Client.csproj", "{078F2A5B-99A5-485F-8917-88FC69CC3704}"
EndProject
Project("{9A19103F-16F7-4668-BE54-9A1E7A4F7556}") = "BlazorDemoWithAuth.Shared", "BlazorDemoWithAuth\Shared\BlazorDemoWithAuth.Shared.csproj", "{3B0FED07-9E65-4133-AB77-78DAEA59D3E8}"
EndProject
Global
	GlobalSection(SolutionConfigurationPlatforms) = preSolution
		Debug|Any CPU = Debug|Any CPU
		Release|Any CPU = Release|Any CPU
	EndGlobalSection
	GlobalSection(ProjectConfigurationPlatforms) = postSolution
		{0AB5EF88-20E2-4993-B6C2-7298F7CFF028}.Debug|Any CPU.ActiveCfg = Debug|Any CPU
		{0AB5EF88-20E2-4993-B6C2-7298F7CFF028}.Debug|Any CPU.Build.0 = Debug|Any CPU
		{0AB5EF88-20E2-4993-B6C2-7298F7CFF028}.Release|Any CPU.ActiveCfg = Release|Any CPU
		{0AB5EF88-20E2-4993-B6C2-7298F7CFF028}.Release|Any CPU.Build.0 = Release|Any CPU
		{078F2A5B-99A5-485F-8917-88FC69CC3704}.Debug|Any CPU.ActiveCfg = Debug|Any CPU
		{078F2A5B-99A5-485F-8917-88FC69CC3704}.Debug|Any CPU.Build.0 = Debug|Any CPU
		{078F2A5B-99A5-485F-8917-88FC69CC3704}.Release|Any CPU.ActiveCfg = Release|Any CPU
		{078F2A5B-99A5-485F-8917-88FC69CC3704}.Release|Any CPU.Build.0 = Release|Any CPU
		{3B0FED07-9E65-4133-AB77-78DAEA59D3E8}.Debug|Any CPU.ActiveCfg = Debug|Any CPU
		{3B0FED07-9E65-4133-AB77-78DAEA59D3E8}.Debug|Any CPU.Build.0 = Debug|Any CPU
		{3B0FED07-9E65-4133-AB77-78DAEA59D3E8}.Release|Any CPU.ActiveCfg = Release|Any CPU
		{3B0FED07-9E65-4133-AB77-78DAEA59D3E8}.Release|Any CPU.Build.0 = Release|Any CPU
	EndGlobalSection
	GlobalSection(SolutionProperties) = preSolution
		HideSolutionNode = FALSE
	EndGlobalSection
	GlobalSection(ExtensibilityGlobals) = postSolution
		SolutionGuid = {DB583A2E-3E78-40AC-AD7C-9D7F0FC625D6}
	EndGlobalSection
EndGlobal
